
Microsoft Visual Studio Solution File, Format Version 12.00
# Visual Studio Version 17
VisualStudioVersion = 17.4.33205.214
MinimumVisualStudioVersion = 10.0.40219.1
Project("{FAE04EC0-301F-11D3-BF4B-00C04F79EFBC}") = "GetTheNews.Domain", "GetTheNews.Domain\GetTheNews.Domain.csproj", "{AB28A95D-FEF3-43BC-9FC0-E5549B98308B}"
EndProject
Project("{FAE04EC0-301F-11D3-BF4B-00C04F79EFBC}") = "GetTheNews.Data", "GetTheNews.Data\GetTheNews.Data.csproj", "{F3BA64B8-A637-4100-914A-CE1F934F05D1}"
EndProject
Project("{FAE04EC0-301F-11D3-BF4B-00C04F79EFBC}") = "GetTheNews.Application", "GetTheNews.Application\GetTheNews.Application.csproj", "{2873FACE-FDAD-45CE-9307-CBF916BDA01C}"
EndProject
Project("{FAE04EC0-301F-11D3-BF4B-00C04F79EFBC}") = "GetTheNews.API", "GetTheNews.API\GetTheNews.API.csproj", "{EDA23838-4A5E-46C4-BBA3-9BD4481904C3}"
EndProject
Global
	GlobalSection(SolutionConfigurationPlatforms) = preSolution
		Debug|Any CPU = Debug|Any CPU
		Release|Any CPU = Release|Any CPU
	EndGlobalSection
	GlobalSection(ProjectConfigurationPlatforms) = postSolution
		{AB28A95D-FEF3-43BC-9FC0-E5549B98308B}.Debug|Any CPU.ActiveCfg = Debug|Any CPU
		{AB28A95D-FEF3-43BC-9FC0-E5549B98308B}.Debug|Any CPU.Build.0 = Debug|Any CPU
		{AB28A95D-FEF3-43BC-9FC0-E5549B98308B}.Release|Any CPU.ActiveCfg = Release|Any CPU
		{AB28A95D-FEF3-43BC-9FC0-E5549B98308B}.Release|Any CPU.Build.0 = Release|Any CPU
		{F3BA64B8-A637-4100-914A-CE1F934F05D1}.Debug|Any CPU.ActiveCfg = Debug|Any CPU
		{F3BA64B8-A637-4100-914A-CE1F934F05D1}.Debug|Any CPU.Build.0 = Debug|Any CPU
		{F3BA64B8-A637-4100-914A-CE1F934F05D1}.Release|Any CPU.ActiveCfg = Release|Any CPU
		{F3BA64B8-A637-4100-914A-CE1F934F05D1}.Release|Any CPU.Build.0 = Release|Any CPU
		{2873FACE-FDAD-45CE-9307-CBF916BDA01C}.Debug|Any CPU.ActiveCfg = Debug|Any CPU
		{2873FACE-FDAD-45CE-9307-CBF916BDA01C}.Debug|Any CPU.Build.0 = Debug|Any CPU
		{2873FACE-FDAD-45CE-9307-CBF916BDA01C}.Release|Any CPU.ActiveCfg = Release|Any CPU
		{2873FACE-FDAD-45CE-9307-CBF916BDA01C}.Release|Any CPU.Build.0 = Release|Any CPU
		{EDA23838-4A5E-46C4-BBA3-9BD4481904C3}.Debug|Any CPU.ActiveCfg = Debug|Any CPU
		{EDA23838-4A5E-46C4-BBA3-9BD4481904C3}.Debug|Any CPU.Build.0 = Debug|Any CPU
		{EDA23838-4A5E-46C4-BBA3-9BD4481904C3}.Release|Any CPU.ActiveCfg = Release|Any CPU
		{EDA23838-4A5E-46C4-BBA3-9BD4481904C3}.Release|Any CPU.Build.0 = Release|Any CPU
	EndGlobalSection
	GlobalSection(SolutionProperties) = preSolution
		HideSolutionNode = FALSE
	EndGlobalSection
	GlobalSection(ExtensibilityGlobals) = postSolution
		SolutionGuid = {46C8F6B2-D6ED-4A20-966A-C9C84818534D}
	EndGlobalSection
EndGlobal
